
Microsoft Visual Studio Solution File, Format Version 12.00
# Visual Studio 15
VisualStudioVersion = 15.0.26730.8
MinimumVisualStudioVersion = 10.0.40219.1
Project("{9A19103F-16F7-4668-BE54-9A1E7A4F7556}") = "TorrentChain.Service", "TorrentChain.Service\TorrentChain.Service.csproj", "{8F09407E-2A7C-45EF-ADDD-5576F1447F31}"
EndProject
Project("{9A19103F-16F7-4668-BE54-9A1E7A4F7556}") = "TorrentChain.Data", "TorrentChain.Data\TorrentChain.Data.csproj", "{5E258997-A466-40B1-92CE-694173A2A8E9}"
EndProject
Project("{9A19103F-16F7-4668-BE54-9A1E7A4F7556}") = "TorrentChain.Lambda", "TorrentChain.Lambda\TorrentChain.Lambda.csproj", "{BA479258-0C63-4EFD-822E-5495CB15392F}"
EndProject
Global
	GlobalSection(SolutionConfigurationPlatforms) = preSolution
		Debug|Any CPU = Debug|Any CPU
		Release|Any CPU = Release|Any CPU
	EndGlobalSection
	GlobalSection(ProjectConfigurationPlatforms) = postSolution
		{8F09407E-2A7C-45EF-ADDD-5576F1447F31}.Debug|Any CPU.ActiveCfg = Debug|Any CPU
		{8F09407E-2A7C-45EF-ADDD-5576F1447F31}.Debug|Any CPU.Build.0 = Debug|Any CPU
		{8F09407E-2A7C-45EF-ADDD-5576F1447F31}.Release|Any CPU.ActiveCfg = Release|Any CPU
		{8F09407E-2A7C-45EF-ADDD-5576F1447F31}.Release|Any CPU.Build.0 = Release|Any CPU
		{5E258997-A466-40B1-92CE-694173A2A8E9}.Debug|Any CPU.ActiveCfg = Debug|Any CPU
		{5E258997-A466-40B1-92CE-694173A2A8E9}.Debug|Any CPU.Build.0 = Debug|Any CPU
		{5E258997-A466-40B1-92CE-694173A2A8E9}.Release|Any CPU.ActiveCfg = Release|Any CPU
		{5E258997-A466-40B1-92CE-694173A2A8E9}.Release|Any CPU.Build.0 = Release|Any CPU
		{BA479258-0C63-4EFD-822E-5495CB15392F}.Debug|Any CPU.ActiveCfg = Debug|Any CPU
		{BA479258-0C63-4EFD-822E-5495CB15392F}.Debug|Any CPU.Build.0 = Debug|Any CPU
		{BA479258-0C63-4EFD-822E-5495CB15392F}.Release|Any CPU.ActiveCfg = Release|Any CPU
		{BA479258-0C63-4EFD-822E-5495CB15392F}.Release|Any CPU.Build.0 = Release|Any CPU
	EndGlobalSection
	GlobalSection(SolutionProperties) = preSolution
		HideSolutionNode = FALSE
	EndGlobalSection
	GlobalSection(ExtensibilityGlobals) = postSolution
		SolutionGuid = {2206F081-5616-42DE-9895-8D6768F66E6E}
	EndGlobalSection
EndGlobal
